{
  "nodes": {
    "cl-deps": {
      "inputs": {
        "nixpkgs": [
          "nixpkgs"
        ]
      },
      "locked": {
        "lastModified": 1779304592,
        "narHash": "sha256-XV6wD2ShFiNuEpvtgafJPVVpPAfviByq1xmTc79RC5Q=",
        "owner": "kleisli-io",
        "repo": "cl-deps",
        "rev": "784b8b35c7d3166ef775ef2f8e8711e1e7e69464",
        "type": "github"
      },
      "original": {
        "owner": "kleisli-io",
        "repo": "cl-deps",
        "type": "github"
      }
    },
    "nixpkgs": {
      "locked": {
        "lastModified": 1769018530,
        "narHash": "sha256-MJ27Cy2NtBEV5tsK+YraYr2g851f3Fl1LpNHDzDX15c=",
        "owner": "NixOS",
        "repo": "nixpkgs",
        "rev": "88d3861acdd3d2f0e361767018218e51810df8a1",
        "type": "github"
      },
      "original": {
        "owner": "NixOS",
        "repo": "nixpkgs",
        "rev": "88d3861acdd3d2f0e361767018218e51810df8a1",
        "type": "github"
      }
    },
    "root": {
      "inputs": {
        "cl-deps": "cl-deps",
        "nixpkgs": "nixpkgs"
      }
    }
  },
  "root": "root",
  "version": 7
}
